// !$*UTF8*$!
{
	archiveVersion = 1;
	classes = {
	};
	objectVersion = 56;
	objects = {

/* Begin PBXBuildFile section */
		FFEB5471298A9D8E0082CC06 /* AppDelegate.swift in Sources */ = {isa = PBXBuildFile; fileRef = FFEB5470298A9D8E0082CC06 /* AppDelegate.swift */; };
		FFEB5475298A9D8E0082CC06 /* InicialScreenViewController.swift in Sources */ = {isa = PBXBuildFile; fileRef = FFEB5474298A9D8E0082CC06 /* InicialScreenViewController.swift */; };
		FFEB547A298A9D900082CC06 /* Assets.xcassets in Resources */ = {isa = PBXBuildFile; fileRef = FFEB5479298A9D900082CC06 /* Assets.xcassets */; };
		FFEB547D298A9D900082CC06 /* LaunchScreen.storyboard in Resources */ = {isa = PBXBuildFile; fileRef = FFEB547B298A9D900082CC06 /* LaunchScreen.storyboard */; };
		FFEB5489298AA20D0082CC06 /* UIView+Extension.swift in Sources */ = {isa = PBXBuildFile; fileRef = FFEB5488298AA20D0082CC06 /* UIView+Extension.swift */; };
		FFEB548C298AA2360082CC06 /* BaseView.swift in Sources */ = {isa = PBXBuildFile; fileRef = FFEB548B298AA2360082CC06 /* BaseView.swift */; };
		FFEB548F298AA2C70082CC06 /* InicialScreenView.swift in Sources */ = {isa = PBXBuildFile; fileRef = FFEB548E298AA2C70082CC06 /* InicialScreenView.swift */; };
		FFEB5493298AB2490082CC06 /* BaseCell.swift in Sources */ = {isa = PBXBuildFile; fileRef = FFEB5492298AB2490082CC06 /* BaseCell.swift */; };
		FFEB5496298AB2BA0082CC06 /* RepositoriesTableViewCell.swift in Sources */ = {isa = PBXBuildFile; fileRef = FFEB5495298AB2BA0082CC06 /* RepositoriesTableViewCell.swift */; };
		FFEB5499298AB38F0082CC06 /* RepositoriesTableView.swift in Sources */ = {isa = PBXBuildFile; fileRef = FFEB5498298AB38F0082CC06 /* RepositoriesTableView.swift */; };
		FFEB549B298AB3BC0082CC06 /* RepositoriesTableViewController.swift in Sources */ = {isa = PBXBuildFile; fileRef = FFEB549A298AB3BC0082CC06 /* RepositoriesTableViewController.swift */; };
		FFEB549E298AB4970082CC06 /* Repository.swift in Sources */ = {isa = PBXBuildFile; fileRef = FFEB549D298AB4970082CC06 /* Repository.swift */; };
		FFEB54A0298AC8E80082CC06 /* User.swift in Sources */ = {isa = PBXBuildFile; fileRef = FFEB549F298AC8E80082CC06 /* User.swift */; };
		FFF7A56E29913A0600CECAAB /* UIImageView+Extension.swift in Sources */ = {isa = PBXBuildFile; fileRef = FFF7A56D29913A0600CECAAB /* UIImageView+Extension.swift */; };
		FFFC4F16298D789D003A219D /* GetApi.swift in Sources */ = {isa = PBXBuildFile; fileRef = FFFC4F15298D789D003A219D /* GetApi.swift */; };
/* End PBXBuildFile section */

/* Begin PBXFileReference section */
		FFEB546D298A9D8E0082CC06 /* GithubViewer.app */ = {isa = PBXFileReference; explicitFileType = wrapper.application; includeInIndex = 0; path = GithubViewer.app; sourceTree = BUILT_PRODUCTS_DIR; };
		FFEB5470298A9D8E0082CC06 /* AppDelegate.swift */ = {isa = PBXFileReference; lastKnownFileType = sourcecode.swift; path = AppDelegate.swift; sourceTree = "<group>"; };
		FFEB5474298A9D8E0082CC06 /* InicialScreenViewController.swift */ = {isa = PBXFileReference; lastKnownFileType = sourcecode.swift; path = InicialScreenViewController.swift; sourceTree = "<group>"; };
		FFEB5479298A9D900082CC06 /* Assets.xcassets */ = {isa = PBXFileReference; lastKnownFileType = folder.assetcatalog; path = Assets.xcassets; sourceTree = "<group>"; };
		FFEB547C298A9D900082CC06 /* Base */ = {isa = PBXFileReference; lastKnownFileType = file.storyboard; name = Base; path = Base.lproj/LaunchScreen.storyboard; sourceTree = "<group>"; };
		FFEB547E298A9D900082CC06 /* Info.plist */ = {isa = PBXFileReference; lastKnownFileType = text.plist.xml; path = Info.plist; sourceTree = "<group>"; };
		FFEB5488298AA20D0082CC06 /* UIView+Extension.swift */ = {isa = PBXFileReference; lastKnownFileType = sourcecode.swift; path = "UIView+Extension.swift"; sourceTree = "<group>"; };
		FFEB548B298AA2360082CC06 /* BaseView.swift */ = {isa = PBXFileReference; lastKnownFileType = sourcecode.swift; path = BaseView.swift; sourceTree = "<group>"; };
		FFEB548E298AA2C70082CC06 /* InicialScreenView.swift */ = {isa = PBXFileReference; lastKnownFileType = sourcecode.swift; path = InicialScreenView.swift; sourceTree = "<group>"; };
		FFEB5492298AB2490082CC06 /* BaseCell.swift */ = {isa = PBXFileReference; lastKnownFileType = sourcecode.swift; path = BaseCell.swift; sourceTree = "<group>"; };
		FFEB5495298AB2BA0082CC06 /* RepositoriesTableViewCell.swift */ = {isa = PBXFileReference; lastKnownFileType = sourcecode.swift; path = RepositoriesTableViewCell.swift; sourceTree = "<group>"; };
		FFEB5498298AB38F0082CC06 /* RepositoriesTableView.swift */ = {isa = PBXFileReference; lastKnownFileType = sourcecode.swift; path = RepositoriesTableView.swift; sourceTree = "<group>"; };
		FFEB549A298AB3BC0082CC06 /* RepositoriesTableViewController.swift */ = {isa = PBXFileReference; lastKnownFileType = sourcecode.swift; path = RepositoriesTableViewController.swift; sourceTree = "<group>"; };
		FFEB549D298AB4970082CC06 /* Repository.swift */ = {isa = PBXFileReference; lastKnownFileType = sourcecode.swift; path = Repository.swift; sourceTree = "<group>"; };
		FFEB549F298AC8E80082CC06 /* User.swift */ = {isa = PBXFileReference; lastKnownFileType = sourcecode.swift; path = User.swift; sourceTree = "<group>"; };
		FFF7A56D29913A0600CECAAB /* UIImageView+Extension.swift */ = {isa = PBXFileReference; lastKnownFileType = sourcecode.swift; path = "UIImageView+Extension.swift"; sourceTree = "<group>"; };
		FFFC4F15298D789D003A219D /* GetApi.swift */ = {isa = PBXFileReference; lastKnownFileType = sourcecode.swift; path = GetApi.swift; sourceTree = "<group>"; };
/* End PBXFileReference section */

/* Begin PBXFrameworksBuildPhase section */
		FFEB546A298A9D8E0082CC06 /* Frameworks */ = {
			isa = PBXFrameworksBuildPhase;
			buildActionMask = 2147483647;
			files = (
			);
			runOnlyForDeploymentPostprocessing = 0;
		};
/* End PBXFrameworksBuildPhase section */

/* Begin PBXGroup section */
		FFEB5464298A9D8E0082CC06 = {
			isa = PBXGroup;
			children = (
				FFEB546F298A9D8E0082CC06 /* GithubViewer */,
				FFEB546E298A9D8E0082CC06 /* Products */,
			);
			sourceTree = "<group>";
		};
		FFEB546E298A9D8E0082CC06 /* Products */ = {
			isa = PBXGroup;
			children = (
				FFEB546D298A9D8E0082CC06 /* GithubViewer.app */,
			);
			name = Products;
			sourceTree = "<group>";
		};
		FFEB546F298A9D8E0082CC06 /* GithubViewer */ = {
			isa = PBXGroup;
			children = (
				FFFC4F13298D7888003A219D /* Network */,
				FFEB549C298AB4520082CC06 /* Models */,
				FFEB5487298AA1ED0082CC06 /* Extensions */,
				FFEB5486298AA0E20082CC06 /* Delegates */,
				FFEB5485298AA0CD0082CC06 /* View */,
				FFEB5479298A9D900082CC06 /* Assets.xcassets */,
				FFEB547B298A9D900082CC06 /* LaunchScreen.storyboard */,
				FFEB547E298A9D900082CC06 /* Info.plist */,
			);
			path = GithubViewer;
			sourceTree = "<group>";
		};
		FFEB5484298AA0B90082CC06 /* Controllers */ = {
			isa = PBXGroup;
			children = (
				FFEB5474298A9D8E0082CC06 /* InicialScreenViewController.swift */,
				FFEB549A298AB3BC0082CC06 /* RepositoriesTableViewController.swift */,
			);
			path = Controllers;
			sourceTree = "<group>";
		};
		FFEB5485298AA0CD0082CC06 /* View */ = {
			isa = PBXGroup;
			children = (
				FFEB5497298AB3760082CC06 /* TableView */,
				FFEB5494298AB2A40082CC06 /* Cell */,
				FFEB548D298AA2AA0082CC06 /* ScreenViews */,
				FFEB5484298AA0B90082CC06 /* Controllers */,
				FFEB548A298AA22B0082CC06 /* Base */,
			);
			path = View;
			sourceTree = "<group>";
		};
		FFEB5486298AA0E20082CC06 /* Delegates */ = {
			isa = PBXGroup;
			children = (
				FFEB5470298A9D8E0082CC06 /* AppDelegate.swift */,
			);
			path = Delegates;
			sourceTree = "<group>";
		};
		FFEB5487298AA1ED0082CC06 /* Extensions */ = {
			isa = PBXGroup;
			children = (
				FFEB5488298AA20D0082CC06 /* UIView+Extension.swift */,
				FFF7A56D29913A0600CECAAB /* UIImageView+Extension.swift */,
			);
			path = Extensions;
			sourceTree = "<group>";
		};
		FFEB548A298AA22B0082CC06 /* Base */ = {
			isa = PBXGroup;
			children = (
				FFEB548B298AA2360082CC06 /* BaseView.swift */,
				FFEB5492298AB2490082CC06 /* BaseCell.swift */,
			);
			path = Base;
			sourceTree = "<group>";
		};
		FFEB548D298AA2AA0082CC06 /* ScreenViews */ = {
			isa = PBXGroup;
			children = (
				FFEB548E298AA2C70082CC06 /* InicialScreenView.swift */,
			);
			path = ScreenViews;
			sourceTree = "<group>";
		};
		FFEB5494298AB2A40082CC06 /* Cell */ = {
			isa = PBXGroup;
			children = (
				FFEB5495298AB2BA0082CC06 /* RepositoriesTableViewCell.swift */,
			);
			path = Cell;
			sourceTree = "<group>";
		};
		FFEB5497298AB3760082CC06 /* TableView */ = {
			isa = PBXGroup;
			children = (
				FFEB5498298AB38F0082CC06 /* RepositoriesTableView.swift */,
			);
			path = TableView;
			sourceTree = "<group>";
		};
		FFEB549C298AB4520082CC06 /* Models */ = {
			isa = PBXGroup;
			children = (
				FFEB549D298AB4970082CC06 /* Repository.swift */,
				FFEB549F298AC8E80082CC06 /* User.swift */,
			);
			path = Models;
			sourceTree = "<group>";
		};
		FFFC4F13298D7888003A219D /* Network */ = {
			isa = PBXGroup;
			children = (
				FFFC4F15298D789D003A219D /* GetApi.swift */,
			);
			path = Network;
			sourceTree = "<group>";
		};
/* End PBXGroup section */

/* Begin PBXNativeTarget section */
		FFEB546C298A9D8E0082CC06 /* GithubViewer */ = {
			isa = PBXNativeTarget;
			buildConfigurationList = FFEB5481298A9D900082CC06 /* Build configuration list for PBXNativeTarget "GithubViewer" */;
			buildPhases = (
				FFEB5469298A9D8E0082CC06 /* Sources */,
				FFEB546A298A9D8E0082CC06 /* Frameworks */,
				FFEB546B298A9D8E0082CC06 /* Resources */,
			);
			buildRules = (
			);
			dependencies = (
			);
			name = GithubViewer;
			productName = GithubViewer;
			productReference = FFEB546D298A9D8E0082CC06 /* GithubViewer.app */;
			productType = "com.apple.product-type.application";
		};
/* End PBXNativeTarget section */

/* Begin PBXProject section */
		FFEB5465298A9D8E0082CC06 /* Project object */ = {
			isa = PBXProject;
			attributes = {
				BuildIndependentTargetsInParallel = 1;
				LastSwiftUpdateCheck = 1410;
				LastUpgradeCheck = 1410;
				TargetAttributes = {
					FFEB546C298A9D8E0082CC06 = {
						CreatedOnToolsVersion = 14.1;
					};
				};
			};
			buildConfigurationList = FFEB5468298A9D8E0082CC06 /* Build configuration list for PBXProject "GithubViewer" */;
			compatibilityVersion = "Xcode 14.0";
			developmentRegion = en;
			hasScannedForEncodings = 0;
			knownRegions = (
				en,
				Base,
			);
			mainGroup = FFEB5464298A9D8E0082CC06;
			productRefGroup = FFEB546E298A9D8E0082CC06 /* Products */;
			projectDirPath = "";
			projectRoot = "";
			targets = (
				FFEB546C298A9D8E0082CC06 /* GithubViewer */,
			);
		};
/* End PBXProject section */

/* Begin PBXResourcesBuildPhase section */
		FFEB546B298A9D8E0082CC06 /* Resources */ = {
			isa = PBXResourcesBuildPhase;
			buildActionMask = 2147483647;
			files = (
				FFEB547D298A9D900082CC06 /* LaunchScreen.storyboard in Resources */,
				FFEB547A298A9D900082CC06 /* Assets.xcassets in Resources */,
			);
			runOnlyForDeploymentPostprocessing = 0;
		};
/* End PBXResourcesBuildPhase section */

/* Begin PBXSourcesBuildPhase section */
		FFEB5469298A9D8E0082CC06 /* Sources */ = {
			isa = PBXSourcesBuildPhase;
			buildActionMask = 2147483647;
			files = (
				FFEB548F298AA2C70082CC06 /* InicialScreenView.swift in Sources */,
				FFEB5499298AB38F0082CC06 /* RepositoriesTableView.swift in Sources */,
				FFF7A56E29913A0600CECAAB /* UIImageView+Extension.swift in Sources */,
				FFEB5489298AA20D0082CC06 /* UIView+Extension.swift in Sources */,
				FFEB5475298A9D8E0082CC06 /* InicialScreenViewController.swift in Sources */,
				FFEB5471298A9D8E0082CC06 /* AppDelegate.swift in Sources */,
				FFFC4F16298D789D003A219D /* GetApi.swift in Sources */,
				FFEB5493298AB2490082CC06 /* BaseCell.swift in Sources */,
				FFEB5496298AB2BA0082CC06 /* RepositoriesTableViewCell.swift in Sources */,
				FFEB549E298AB4970082CC06 /* Repository.swift in Sources */,
				FFEB548C298AA2360082CC06 /* BaseView.swift in Sources */,
				FFEB549B298AB3BC0082CC06 /* RepositoriesTableViewController.swift in Sources */,
				FFEB54A0298AC8E80082CC06 /* User.swift in Sources */,
			);
			runOnlyForDeploymentPostprocessing = 0;
		};
/* End PBXSourcesBuildPhase section */

/* Begin PBXVariantGroup section */
		FFEB547B298A9D900082CC06 /* LaunchScreen.storyboard */ = {
			isa = PBXVariantGroup;
			children = (
				FFEB547C298A9D900082CC06 /* Base */,
			);
			name = LaunchScreen.storyboard;
			sourceTree = "<group>";
		};
/* End PBXVariantGroup section */

/* Begin XCBuildConfiguration section */
		FFEB547F298A9D900082CC06 /* Debug */ = {
			isa = XCBuildConfiguration;
			buildSettings = {
				ALWAYS_SEARCH_USER_PATHS = NO;
				CLANG_ANALYZER_NONNULL = YES;
				CLANG_ANALYZER_NUMBER_OBJECT_CONVERSION = YES_AGGRESSIVE;
				CLANG_CXX_LANGUAGE_STANDARD = "gnu++20";
				CLANG_ENABLE_MODULES = YES;
				CLANG_ENABLE_OBJC_ARC = YES;
				CLANG_ENABLE_OBJC_WEAK = YES;
				CLANG_WARN_BLOCK_CAPTURE_AUTORELEASING = YES;
				CLANG_WARN_BOOL_CONVERSION = YES;
				CLANG_WARN_COMMA = YES;
				CLANG_WARN_CONSTANT_CONVERSION = YES;
				CLANG_WARN_DEPRECATED_OBJC_IMPLEMENTATIONS = YES;
				CLANG_WARN_DIRECT_OBJC_ISA_USAGE = YES_ERROR;
				CLANG_WARN_DOCUMENTATION_COMMENTS = YES;
				CLANG_WARN_EMPTY_BODY = YES;
				CLANG_WARN_ENUM_CONVERSION = YES;
				CLANG_WARN_INFINITE_RECURSION = YES;
				CLANG_WARN_INT_CONVERSION = YES;
				CLANG_WARN_NON_LITERAL_NULL_CONVERSION = YES;
				CLANG_WARN_OBJC_IMPLICIT_RETAIN_SELF = YES;
				CLANG_WARN_OBJC_LITERAL_CONVERSION = YES;
				CLANG_WARN_OBJC_ROOT_CLASS = YES_ERROR;
				CLANG_WARN_QUOTED_INCLUDE_IN_FRAMEWORK_HEADER = YES;
				CLANG_WARN_RANGE_LOOP_ANALYSIS = YES;
				CLANG_WARN_STRICT_PROTOTYPES = YES;
				CLANG_WARN_SUSPICIOUS_MOVE = YES;
				CLANG_WARN_UNGUARDED_AVAILABILITY = YES_AGGRESSIVE;
				CLANG_WARN_UNREACHABLE_CODE = YES;
				CLANG_WARN__DUPLICATE_METHOD_MATCH = YES;
				COPY_PHASE_STRIP = NO;
				DEBUG_INFORMATION_FORMAT = dwarf;
				ENABLE_STRICT_OBJC_MSGSEND = YES;
				ENABLE_TESTABILITY = YES;
				GCC_C_LANGUAGE_STANDARD = gnu11;
				GCC_DYNAMIC_NO_PIC = NO;
				GCC_NO_COMMON_BLOCKS = YES;
				GCC_OPTIMIZATION_LEVEL = 0;
				GCC_PREPROCESSOR_DEFINITIONS = (
					"DEBUG=1",
					"$(inherited)",
				);
				GCC_WARN_64_TO_32_BIT_CONVERSION = YES;
				GCC_WARN_ABOUT_RETURN_TYPE = YES_ERROR;
				GCC_WARN_UNDECLARED_SELECTOR = YES;
				GCC_WARN_UNINITIALIZED_AUTOS = YES_AGGRESSIVE;
				GCC_WARN_UNUSED_FUNCTION = YES;
				GCC_WARN_UNUSED_VARIABLE = YES;
				IPHONEOS_DEPLOYMENT_TARGET = 16.1;
				MTL_ENABLE_DEBUG_INFO = INCLUDE_SOURCE;
				MTL_FAST_MATH = YES;
				ONLY_ACTIVE_ARCH = YES;
				SDKROOT = iphoneos;
				SWIFT_ACTIVE_COMPILATION_CONDITIONS = DEBUG;
				SWIFT_OPTIMIZATION_LEVEL = "-Onone";
			};
			name = Debug;
		};
		FFEB5480298A9D900082CC06 /* Release */ = {
			isa = XCBuildConfiguration;
			buildSettings = {
				ALWAYS_SEARCH_USER_PATHS = NO;
				CLANG_ANALYZER_NONNULL = YES;
				CLANG_ANALYZER_NUMBER_OBJECT_CONVERSION = YES_AGGRESSIVE;
				CLANG_CXX_LANGUAGE_STANDARD = "gnu++20";
				CLANG_ENABLE_MODULES = YES;
				CLANG_ENABLE_OBJC_ARC = YES;
				CLANG_ENABLE_OBJC_WEAK = YES;
				CLANG_WARN_BLOCK_CAPTURE_AUTORELEASING = YES;
				CLANG_WARN_BOOL_CONVERSION = YES;
				CLANG_WARN_COMMA = YES;
				CLANG_WARN_CONSTANT_CONVERSION = YES;
				CLANG_WARN_DEPRECATED_OBJC_IMPLEMENTATIONS = YES;
				CLANG_WARN_DIRECT_OBJC_ISA_USAGE = YES_ERROR;
				CLANG_WARN_DOCUMENTATION_COMMENTS = YES;
				CLANG_WARN_EMPTY_BODY = YES;
				CLANG_WARN_ENUM_CONVERSION = YES;
				CLANG_WARN_INFINITE_RECURSION = YES;
				CLANG_WARN_INT_CONVERSION = YES;
				CLANG_WARN_NON_LITERAL_NULL_CONVERSION = YES;
				CLANG_WARN_OBJC_IMPLICIT_RETAIN_SELF = YES;
				CLANG_WARN_OBJC_LITERAL_CONVERSION = YES;
				CLANG_WARN_OBJC_ROOT_CLASS = YES_ERROR;
				CLANG_WARN_QUOTED_INCLUDE_IN_FRAMEWORK_HEADER = YES;
				CLANG_WARN_RANGE_LOOP_ANALYSIS = YES;
				CLANG_WARN_STRICT_PROTOTYPES = YES;
				CLANG_WARN_SUSPICIOUS_MOVE = YES;
				CLANG_WARN_UNGUARDED_AVAILABILITY = YES_AGGRESSIVE;
				CLANG_WARN_UNREACHABLE_CODE = YES;
				CLANG_WARN__DUPLICATE_METHOD_MATCH = YES;
				COPY_PHASE_STRIP = NO;
				DEBUG_INFORMATION_FORMAT = "dwarf-with-dsym";
				ENABLE_NS_ASSERTIONS = NO;
				ENABLE_STRICT_OBJC_MSGSEND = YES;
				GCC_C_LANGUAGE_STANDARD = gnu11;
				GCC_NO_COMMON_BLOCKS = YES;
				GCC_WARN_64_TO_32_BIT_CONVERSION = YES;
				GCC_WARN_ABOUT_RETURN_TYPE = YES_ERROR;
				GCC_WARN_UNDECLARED_SELECTOR = YES;
				GCC_WARN_UNINITIALIZED_AUTOS = YES_AGGRESSIVE;
				GCC_WARN_UNUSED_FUNCTION = YES;
				GCC_WARN_UNUSED_VARIABLE = YES;
				IPHONEOS_DEPLOYMENT_TARGET = 16.1;
				MTL_ENABLE_DEBUG_INFO = NO;
				MTL_FAST_MATH = YES;
				SDKROOT = iphoneos;
				SWIFT_COMPILATION_MODE = wholemodule;
				SWIFT_OPTIMIZATION_LEVEL = "-O";
				VALIDATE_PRODUCT = YES;
			};
			name = Release;
		};
		FFEB5482298A9D900082CC06 /* Debug */ = {
			isa = XCBuildConfiguration;
			buildSettings = {
				ASSETCATALOG_COMPILER_APPICON_NAME = AppIcon;
				ASSETCATALOG_COMPILER_GLOBAL_ACCENT_COLOR_NAME = AccentColor;
				CODE_SIGN_STYLE = Automatic;
				CURRENT_PROJECT_VERSION = 1;
				DEVELOPMENT_TEAM = 2J39S9R735;
				GENERATE_INFOPLIST_FILE = YES;
				INFOPLIST_FILE = GithubViewer/Info.plist;
				INFOPLIST_KEY_UIApplicationSupportsIndirectInputEvents = YES;
				INFOPLIST_KEY_UILaunchStoryboardName = LaunchScreen;
				INFOPLIST_KEY_UIMainStoryboardFile = "";
				INFOPLIST_KEY_UISupportedInterfaceOrientations_iPad = "UIInterfaceOrientationPortrait UIInterfaceOrientationPortraitUpsideDown UIInterfaceOrientationLandscapeLeft UIInterfaceOrientationLandscapeRight";
				INFOPLIST_KEY_UISupportedInterfaceOrientations_iPhone = "UIInterfaceOrientationPortrait UIInterfaceOrientationLandscapeLeft UIInterfaceOrientationLandscapeRight";
				LD_RUNPATH_SEARCH_PATHS = (
					"$(inherited)",
					"@executable_path/Frameworks",
				);
				MARKETING_VERSION = 1.0;
				PRODUCT_BUNDLE_IDENTIFIER = com.zallpy.GithubViewer;
				PRODUCT_NAME = "$(TARGET_NAME)";
				SWIFT_EMIT_LOC_STRINGS = YES;
				SWIFT_VERSION = 5.0;
				TARGETED_DEVICE_FAMILY = "1,2";
			};
			name = Debug;
		};
		FFEB5483298A9D900082CC06 /* Release */ = {
			isa = XCBuildConfiguration;
			buildSettings = {
				ASSETCATALOG_COMPILER_APPICON_NAME = AppIcon;
				ASSETCATALOG_COMPILER_GLOBAL_ACCENT_COLOR_NAME = AccentColor;
				CODE_SIGN_STYLE = Automatic;
				CURRENT_PROJECT_VERSION = 1;
				DEVELOPMENT_TEAM = 2J39S9R735;
				GENERATE_INFOPLIST_FILE = YES;
				INFOPLIST_FILE = GithubViewer/Info.plist;
				INFOPLIST_KEY_UIApplicationSupportsIndirectInputEvents = YES;
				INFOPLIST_KEY_UILaunchStoryboardName = LaunchScreen;
				INFOPLIST_KEY_UIMainStoryboardFile = "";
				INFOPLIST_KEY_UISupportedInterfaceOrientations_iPad = "UIInterfaceOrientationPortrait UIInterfaceOrientationPortraitUpsideDown UIInterfaceOrientationLandscapeLeft UIInterfaceOrientationLandscapeRight";
				INFOPLIST_KEY_UISupportedInterfaceOrientations_iPhone = "UIInterfaceOrientationPortrait UIInterfaceOrientationLandscapeLeft UIInterfaceOrientationLandscapeRight";
				LD_RUNPATH_SEARCH_PATHS = (
					"$(inherited)",
					"@executable_path/Frameworks",
				);
				MARKETING_VERSION = 1.0;
				PRODUCT_BUNDLE_IDENTIFIER = com.zallpy.GithubViewer;
				PRODUCT_NAME = "$(TARGET_NAME)";
				SWIFT_EMIT_LOC_STRINGS = YES;
				SWIFT_VERSION = 5.0;
				TARGETED_DEVICE_FAMILY = "1,2";
			};
			name = Release;
		};
/* End XCBuildConfiguration section */

/* Begin XCConfigurationList section */
		FFEB5468298A9D8E0082CC06 /* Build configuration list for PBXProject "GithubViewer" */ = {
			isa = XCConfigurationList;
			buildConfigurations = (
				FFEB547F298A9D900082CC06 /* Debug */,
				FFEB5480298A9D900082CC06 /* Release */,
			);
			defaultConfigurationIsVisible = 0;
			defaultConfigurationName = Release;
		};
		FFEB5481298A9D900082CC06 /* Build configuration list for PBXNativeTarget "GithubViewer" */ = {
			isa = XCConfigurationList;
			buildConfigurations = (
				FFEB5482298A9D900082CC06 /* Debug */,
				FFEB5483298A9D900082CC06 /* Release */,
			);
			defaultConfigurationIsVisible = 0;
			defaultConfigurationName = Release;
		};
/* End XCConfigurationList section */
	};
	rootObject = FFEB5465298A9D8E0082CC06 /* Project object */;
}
